
Microsoft Visual Studio Solution File, Format Version 12.00
# Visual Studio Version 17
VisualStudioVersion = 17.14.36127.28
MinimumVisualStudioVersion = 10.0.40219.1
Project("{FAE04EC0-301F-11D3-BF4B-00C04F79EFBC}") = "APITestPyscoIA", "APITestPyscoIA.csproj", "{DAEE4097-124A-4A1D-82A5-B9F8BFD3217A}"
EndProject
Global
	GlobalSection(SolutionConfigurationPlatforms) = preSolution
		Debug|Any CPU = Debug|Any CPU
		Release|Any CPU = Release|Any CPU
	EndGlobalSection
	GlobalSection(ProjectConfigurationPlatforms) = postSolution
		{DAEE4097-124A-4A1D-82A5-B9F8BFD3217A}.Debug|Any CPU.ActiveCfg = Debug|Any CPU
		{DAEE4097-124A-4A1D-82A5-B9F8BFD3217A}.Debug|Any CPU.Build.0 = Debug|Any CPU
		{DAEE4097-124A-4A1D-82A5-B9F8BFD3217A}.Release|Any CPU.ActiveCfg = Release|Any CPU
		{DAEE4097-124A-4A1D-82A5-B9F8BFD3217A}.Release|Any CPU.Build.0 = Release|Any CPU
	EndGlobalSection
	GlobalSection(SolutionProperties) = preSolution
		HideSolutionNode = FALSE
	EndGlobalSection
	GlobalSection(ExtensibilityGlobals) = postSolution
		SolutionGuid = {1E093905-1E23-4BFB-AF3E-C7F0335B2E74}
	EndGlobalSection
EndGlobal
